
Microsoft Visual Studio Solution File, Format Version 12.00
# Visual Studio 15
VisualStudioVersion = 15.0.28307.852
MinimumVisualStudioVersion = 10.0.40219.1
Project("{FAE04EC0-301F-11D3-BF4B-00C04F79EFBC}") = "ApiVatEntity", "ApiVatEntity\ApiVatEntity.csproj", "{BFE0F071-A7C4-467B-8EE0-66172CE601C5}"
EndProject
Project("{FAE04EC0-301F-11D3-BF4B-00C04F79EFBC}") = "ApiVatTests", "ApiVatTests\ApiVatTests.csproj", "{45AF757D-D345-44A9-86FD-9B4995AE7746}"
EndProject
Global
	GlobalSection(SolutionConfigurationPlatforms) = preSolution
		Debug|Any CPU = Debug|Any CPU
		Release|Any CPU = Release|Any CPU
	EndGlobalSection
	GlobalSection(ProjectConfigurationPlatforms) = postSolution
		{BFE0F071-A7C4-467B-8EE0-66172CE601C5}.Debug|Any CPU.ActiveCfg = Debug|Any CPU
		{BFE0F071-A7C4-467B-8EE0-66172CE601C5}.Debug|Any CPU.Build.0 = Debug|Any CPU
		{BFE0F071-A7C4-467B-8EE0-66172CE601C5}.Release|Any CPU.ActiveCfg = Release|Any CPU
		{BFE0F071-A7C4-467B-8EE0-66172CE601C5}.Release|Any CPU.Build.0 = Release|Any CPU
		{45AF757D-D345-44A9-86FD-9B4995AE7746}.Debug|Any CPU.ActiveCfg = Debug|Any CPU
		{45AF757D-D345-44A9-86FD-9B4995AE7746}.Debug|Any CPU.Build.0 = Debug|Any CPU
		{45AF757D-D345-44A9-86FD-9B4995AE7746}.Release|Any CPU.ActiveCfg = Release|Any CPU
		{45AF757D-D345-44A9-86FD-9B4995AE7746}.Release|Any CPU.Build.0 = Release|Any CPU
	EndGlobalSection
	GlobalSection(SolutionProperties) = preSolution
		HideSolutionNode = FALSE
	EndGlobalSection
	GlobalSection(ExtensibilityGlobals) = postSolution
		SolutionGuid = {A6AD86A3-602C-4B16-B04E-79E435C2606A}
	EndGlobalSection
EndGlobal
